
Microsoft Visual Studio Solution File, Format Version 12.00
# Visual Studio 14
VisualStudioVersion = 14.0.24720.0
MinimumVisualStudioVersion = 10.0.40219.1
Project("{8BC9CEB8-8B4A-11D0-8D11-00A0C91BC942}") = "1a", "1a\1a.vcxproj", "{A2868D2B-0D76-41E9-A187-6DC3DA3CB914}"
EndProject
Project("{8BC9CEB8-8B4A-11D0-8D11-00A0C91BC942}") = "Timer1", "Timer1\Timer1.vcxproj", "{6EDB82E3-4ABB-42B7-AA98-A32ADF864C0F}"
EndProject
Project("{8BC9CEB8-8B4A-11D0-8D11-00A0C91BC942}") = "1b", "1b\1b.vcxproj", "{848FA4BD-9591-49D8-9218-C01FB26CB5A7}"
EndProject
Project("{8BC9CEB8-8B4A-11D0-8D11-00A0C91BC942}") = "1c", "1c\1c.vcxproj", "{EA6C5475-D6F5-4DFD-A8E9-1DF83A487080}"
EndProject
Project("{8BC9CEB8-8B4A-11D0-8D11-00A0C91BC942}") = "1d", "1d\1d.vcxproj", "{89DE1F7D-E254-498D-AEAB-9F9C468F7C95}"
EndProject
Project("{8BC9CEB8-8B4A-11D0-8D11-00A0C91BC942}") = "1e", "1e\1e.vcxproj", "{F69BE9CF-8A50-49E3-B201-023F2222D7E0}"
EndProject
Project("{8BC9CEB8-8B4A-11D0-8D11-00A0C91BC942}") = "1f", "1f\1f.vcxproj", "{4861EC2A-12EC-447B-B380-194432C4F433}"
EndProject
Project("{8BC9CEB8-8B4A-11D0-8D11-00A0C91BC942}") = "2a", "2a\2a.vcxproj", "{A0306BD4-AD63-4189-9D66-E2231C563CA5}"
EndProject
Project("{8BC9CEB8-8B4A-11D0-8D11-00A0C91BC942}") = "2b", "2b\2b.vcxproj", "{5A09735C-9116-4444-9D74-3A7739136AD9}"
EndProject
Project("{8BC9CEB8-8B4A-11D0-8D11-00A0C91BC942}") = "2c", "2c\2c.vcxproj", "{F927367D-E259-4764-A709-A132A433D69E}"
EndProject
Project("{8BC9CEB8-8B4A-11D0-8D11-00A0C91BC942}") = "2d", "2d\2d.vcxproj", "{6E15EB65-8784-4087-89C8-018DBC9ED904}"
EndProject
Project("{8BC9CEB8-8B4A-11D0-8D11-00A0C91BC942}") = "2e", "2e\2e.vcxproj", "{1E8D0AD0-17C7-4F65-A462-4EB6F441EAC2}"
EndProject
Project("{8BC9CEB8-8B4A-11D0-8D11-00A0C91BC942}") = "2f", "2f\2f.vcxproj", "{A1802D71-892A-4B5C-A4EA-2148DF18C649}"
EndProject
Project("{8BC9CEB8-8B4A-11D0-8D11-00A0C91BC942}") = "3a", "3a\3a.vcxproj", "{8904079F-5237-4451-8C24-EB436BAADB7A}"
EndProject
Project("{8BC9CEB8-8B4A-11D0-8D11-00A0C91BC942}") = "timer2", "timer2\timer2.vcxproj", "{99482B16-4143-4F57-BC35-40469DA0638E}"
EndProject
Project("{8BC9CEB8-8B4A-11D0-8D11-00A0C91BC942}") = "timer3", "timer3\timer3.vcxproj", "{F31C2CDB-95C0-40D5-9B8E-ECF6BF5B2D9C}"
EndProject
Project("{8BC9CEB8-8B4A-11D0-8D11-00A0C91BC942}") = "timer4", "timer4\timer4.vcxproj", "{5D5B5E28-61B6-4571-8FE8-388A65F6A92B}"
EndProject
Project("{8BC9CEB8-8B4A-11D0-8D11-00A0C91BC942}") = "Daytime1", "Daytime1\Daytime1.vcxproj", "{E6149BFA-3C4A-4A45-B525-C8CB0224E510}"
EndProject
Project("{8BC9CEB8-8B4A-11D0-8D11-00A0C91BC942}") = "Daytime2", "Daytime2\Daytime2.vcxproj", "{D7486F5C-1C22-4955-B1CB-934624CF996A}"
EndProject
Project("{8BC9CEB8-8B4A-11D0-8D11-00A0C91BC942}") = "Daytime3", "Daytime3\Daytime3.vcxproj", "{78371484-EC94-4ADA-B077-1E79BAC9AD15}"
EndProject
Project("{8BC9CEB8-8B4A-11D0-8D11-00A0C91BC942}") = "3b", "3b\3b.vcxproj", "{2C2E5A8D-5B3E-4419-AE82-AF3B5DB2F178}"
EndProject
Project("{8BC9CEB8-8B4A-11D0-8D11-00A0C91BC942}") = "4a", "4a\4a.vcxproj", "{0A37DEE6-F1AC-4BAC-9A4A-5D2CEF490DC2}"
EndProject
Project("{8BC9CEB8-8B4A-11D0-8D11-00A0C91BC942}") = "4b", "4b\4b.vcxproj", "{F1BD092F-0C3C-4C8C-9AED-177E5172D062}"
EndProject
Project("{8BC9CEB8-8B4A-11D0-8D11-00A0C91BC942}") = "5a", "5a\5a.vcxproj", "{D24AF166-4F47-4231-8231-7ADB197D6279}"
EndProject
Project("{8BC9CEB8-8B4A-11D0-8D11-00A0C91BC942}") = "5b", "5b\5b.vcxproj", "{ABF17AE1-2E4A-4AD0-B976-D4C058A52DFA}"
EndProject
Project("{8BC9CEB8-8B4A-11D0-8D11-00A0C91BC942}") = "5c", "5c\5c.vcxproj", "{254A42B8-AEC6-421D-944E-35FA73B3FED3}"
EndProject
Project("{8BC9CEB8-8B4A-11D0-8D11-00A0C91BC942}") = "6a", "6a\6a.vcxproj", "{5118A399-8CD7-4CDC-B8AC-4D9538707AD5}"
EndProject
Project("{8BC9CEB8-8B4A-11D0-8D11-00A0C91BC942}") = "6b", "6b\6b.vcxproj", "{CA489531-95E0-48FE-BF4A-8B45DED2E68E}"
EndProject
Project("{8BC9CEB8-8B4A-11D0-8D11-00A0C91BC942}") = "6c", "6c\6c.vcxproj", "{64F5FBC1-1AD6-4361-8EDB-C27767D229A1}"
EndProject
Project("{8BC9CEB8-8B4A-11D0-8D11-00A0C91BC942}") = "7a", "7a\7a.vcxproj", "{51A9A399-27C2-4515-BF27-4B83CA9E4156}"
EndProject
Project("{8BC9CEB8-8B4A-11D0-8D11-00A0C91BC942}") = "7b", "7b\7b.vcxproj", "{3E168A38-A015-4383-9304-F0F4A6385035}"
EndProject
Project("{8BC9CEB8-8B4A-11D0-8D11-00A0C91BC942}") = "7c", "7c\7c.vcxproj", "{B904917B-861D-4DF6-9563-60AE12580A09}"
EndProject
Project("{8BC9CEB8-8B4A-11D0-8D11-00A0C91BC942}") = "8a", "8a\8a.vcxproj", "{04A715AC-04D4-4875-BC9C-A0609BA2C40F}"
EndProject
Project("{8BC9CEB8-8B4A-11D0-8D11-00A0C91BC942}") = "9a", "9a\9a.vcxproj", "{60375526-9B75-4D2F-BBB5-05BAB0FB82DB}"
EndProject
Project("{8BC9CEB8-8B4A-11D0-8D11-00A0C91BC942}") = "9b", "9b\9b.vcxproj", "{B9F9906E-4575-4653-AB72-25E747D93AAC}"
EndProject
Global
	GlobalSection(SolutionConfigurationPlatforms) = preSolution
		Debug|x64 = Debug|x64
		Debug|x86 = Debug|x86
		Release|x64 = Release|x64
		Release|x86 = Release|x86
	EndGlobalSection
	GlobalSection(ProjectConfigurationPlatforms) = postSolution
		{A2868D2B-0D76-41E9-A187-6DC3DA3CB914}.Debug|x64.ActiveCfg = Debug|x64
		{A2868D2B-0D76-41E9-A187-6DC3DA3CB914}.Debug|x64.Build.0 = Debug|x64
		{A2868D2B-0D76-41E9-A187-6DC3DA3CB914}.Debug|x86.ActiveCfg = Debug|Win32
		{A2868D2B-0D76-41E9-A187-6DC3DA3CB914}.Debug|x86.Build.0 = Debug|Win32
		{A2868D2B-0D76-41E9-A187-6DC3DA3CB914}.Release|x64.ActiveCfg = Release|x64
		{A2868D2B-0D76-41E9-A187-6DC3DA3CB914}.Release|x64.Build.0 = Release|x64
		{A2868D2B-0D76-41E9-A187-6DC3DA3CB914}.Release|x86.ActiveCfg = Release|Win32
		{A2868D2B-0D76-41E9-A187-6DC3DA3CB914}.Release|x86.Build.0 = Release|Win32
		{6EDB82E3-4ABB-42B7-AA98-A32ADF864C0F}.Debug|x64.ActiveCfg = Debug|x64
		{6EDB82E3-4ABB-42B7-AA98-A32ADF864C0F}.Debug|x64.Build.0 = Debug|x64
		{6EDB82E3-4ABB-42B7-AA98-A32ADF864C0F}.Debug|x86.ActiveCfg = Debug|Win32
		{6EDB82E3-4ABB-42B7-AA98-A32ADF864C0F}.Debug|x86.Build.0 = Debug|Win32
		{6EDB82E3-4ABB-42B7-AA98-A32ADF864C0F}.Release|x64.ActiveCfg = Release|x64
		{6EDB82E3-4ABB-42B7-AA98-A32ADF864C0F}.Release|x64.Build.0 = Release|x64
		{6EDB82E3-4ABB-42B7-AA98-A32ADF864C0F}.Release|x86.ActiveCfg = Release|Win32
		{6EDB82E3-4ABB-42B7-AA98-A32ADF864C0F}.Release|x86.Build.0 = Release|Win32
		{848FA4BD-9591-49D8-9218-C01FB26CB5A7}.Debug|x64.ActiveCfg = Debug|x64
		{848FA4BD-9591-49D8-9218-C01FB26CB5A7}.Debug|x64.Build.0 = Debug|x64
		{848FA4BD-9591-49D8-9218-C01FB26CB5A7}.Debug|x86.ActiveCfg = Debug|Win32
		{848FA4BD-9591-49D8-9218-C01FB26CB5A7}.Debug|x86.Build.0 = Debug|Win32
		{848FA4BD-9591-49D8-9218-C01FB26CB5A7}.Release|x64.ActiveCfg = Release|x64
		{848FA4BD-9591-49D8-9218-C01FB26CB5A7}.Release|x64.Build.0 = Release|x64
		{848FA4BD-9591-49D8-9218-C01FB26CB5A7}.Release|x86.ActiveCfg = Release|Win32
		{848FA4BD-9591-49D8-9218-C01FB26CB5A7}.Release|x86.Build.0 = Release|Win32
		{EA6C5475-D6F5-4DFD-A8E9-1DF83A487080}.Debug|x64.ActiveCfg = Debug|x64
		{EA6C5475-D6F5-4DFD-A8E9-1DF83A487080}.Debug|x64.Build.0 = Debug|x64
		{EA6C5475-D6F5-4DFD-A8E9-1DF83A487080}.Debug|x86.ActiveCfg = Debug|Win32
		{EA6C5475-D6F5-4DFD-A8E9-1DF83A487080}.Debug|x86.Build.0 = Debug|Win32
		{EA6C5475-D6F5-4DFD-A8E9-1DF83A487080}.Release|x64.ActiveCfg = Release|x64
		{EA6C5475-D6F5-4DFD-A8E9-1DF83A487080}.Release|x64.Build.0 = Release|x64
		{EA6C5475-D6F5-4DFD-A8E9-1DF83A487080}.Release|x86.ActiveCfg = Release|Win32
		{EA6C5475-D6F5-4DFD-A8E9-1DF83A487080}.Release|x86.Build.0 = Release|Win32
		{89DE1F7D-E254-498D-AEAB-9F9C468F7C95}.Debug|x64.ActiveCfg = Debug|x64
		{89DE1F7D-E254-498D-AEAB-9F9C468F7C95}.Debug|x64.Build.0 = Debug|x64
		{89DE1F7D-E254-498D-AEAB-9F9C468F7C95}.Debug|x86.ActiveCfg = Debug|Win32
		{89DE1F7D-E254-498D-AEAB-9F9C468F7C95}.Debug|x86.Build.0 = Debug|Win32
		{89DE1F7D-E254-498D-AEAB-9F9C468F7C95}.Release|x64.ActiveCfg = Release|x64
		{89DE1F7D-E254-498D-AEAB-9F9C468F7C95}.Release|x64.Build.0 = Release|x64
		{89DE1F7D-E254-498D-AEAB-9F9C468F7C95}.Release|x86.ActiveCfg = Release|Win32
		{89DE1F7D-E254-498D-AEAB-9F9C468F7C95}.Release|x86.Build.0 = Release|Win32
		{F69BE9CF-8A50-49E3-B201-023F2222D7E0}.Debug|x64.ActiveCfg = Debug|x64
		{F69BE9CF-8A50-49E3-B201-023F2222D7E0}.Debug|x64.Build.0 = Debug|x64
		{F69BE9CF-8A50-49E3-B201-023F2222D7E0}.Debug|x86.ActiveCfg = Debug|Win32
		{F69BE9CF-8A50-49E3-B201-023F2222D7E0}.Debug|x86.Build.0 = Debug|Win32
		{F69BE9CF-8A50-49E3-B201-023F2222D7E0}.Release|x64.ActiveCfg = Release|x64
		{F69BE9CF-8A50-49E3-B201-023F2222D7E0}.Release|x64.Build.0 = Release|x64
		{F69BE9CF-8A50-49E3-B201-023F2222D7E0}.Release|x86.ActiveCfg = Release|Win32
		{F69BE9CF-8A50-49E3-B201-023F2222D7E0}.Release|x86.Build.0 = Release|Win32
		{4861EC2A-12EC-447B-B380-194432C4F433}.Debug|x64.ActiveCfg = Debug|x64
		{4861EC2A-12EC-447B-B380-194432C4F433}.Debug|x64.Build.0 = Debug|x64
		{4861EC2A-12EC-447B-B380-194432C4F433}.Debug|x86.ActiveCfg = Debug|Win32
		{4861EC2A-12EC-447B-B380-194432C4F433}.Debug|x86.Build.0 = Debug|Win32
		{4861EC2A-12EC-447B-B380-194432C4F433}.Release|x64.ActiveCfg = Release|x64
		{4861EC2A-12EC-447B-B380-194432C4F433}.Release|x64.Build.0 = Release|x64
		{4861EC2A-12EC-447B-B380-194432C4F433}.Release|x86.ActiveCfg = Release|Win32
		{4861EC2A-12EC-447B-B380-194432C4F433}.Release|x86.Build.0 = Release|Win32
		{A0306BD4-AD63-4189-9D66-E2231C563CA5}.Debug|x64.ActiveCfg = Debug|x64
		{A0306BD4-AD63-4189-9D66-E2231C563CA5}.Debug|x64.Build.0 = Debug|x64
		{A0306BD4-AD63-4189-9D66-E2231C563CA5}.Debug|x86.ActiveCfg = Debug|Win32
		{A0306BD4-AD63-4189-9D66-E2231C563CA5}.Debug|x86.Build.0 = Debug|Win32
		{A0306BD4-AD63-4189-9D66-E2231C563CA5}.Release|x64.ActiveCfg = Release|x64
		{A0306BD4-AD63-4189-9D66-E2231C563CA5}.Release|x64.Build.0 = Release|x64
		{A0306BD4-AD63-4189-9D66-E2231C563CA5}.Release|x86.ActiveCfg = Release|Win32
		{A0306BD4-AD63-4189-9D66-E2231C563CA5}.Release|x86.Build.0 = Release|Win32
		{5A09735C-9116-4444-9D74-3A7739136AD9}.Debug|x64.ActiveCfg = Debug|x64
		{5A09735C-9116-4444-9D74-3A7739136AD9}.Debug|x64.Build.0 = Debug|x64
		{5A09735C-9116-4444-9D74-3A7739136AD9}.Debug|x86.ActiveCfg = Debug|Win32
		{5A09735C-9116-4444-9D74-3A7739136AD9}.Debug|x86.Build.0 = Debug|Win32
		{5A09735C-9116-4444-9D74-3A7739136AD9}.Release|x64.ActiveCfg = Release|x64
		{5A09735C-9116-4444-9D74-3A7739136AD9}.Release|x64.Build.0 = Release|x64
		{5A09735C-9116-4444-9D74-3A7739136AD9}.Release|x86.ActiveCfg = Release|Win32
		{5A09735C-9116-4444-9D74-3A7739136AD9}.Release|x86.Build.0 = Release|Win32
		{F927367D-E259-4764-A709-A132A433D69E}.Debug|x64.ActiveCfg = Debug|x64
		{F927367D-E259-4764-A709-A132A433D69E}.Debug|x64.Build.0 = Debug|x64
		{F927367D-E259-4764-A709-A132A433D69E}.Debug|x86.ActiveCfg = Debug|Win32
		{F927367D-E259-4764-A709-A132A433D69E}.Debug|x86.Build.0 = Debug|Win32
		{F927367D-E259-4764-A709-A132A433D69E}.Release|x64.ActiveCfg = Release|x64
		{F927367D-E259-4764-A709-A132A433D69E}.Release|x64.Build.0 = Release|x64
		{F927367D-E259-4764-A709-A132A433D69E}.Release|x86.ActiveCfg = Release|Win32
		{F927367D-E259-4764-A709-A132A433D69E}.Release|x86.Build.0 = Release|Win32
		{6E15EB65-8784-4087-89C8-018DBC9ED904}.Debug|x64.ActiveCfg = Debug|x64
		{6E15EB65-8784-4087-89C8-018DBC9ED904}.Debug|x64.Build.0 = Debug|x64
		{6E15EB65-8784-4087-89C8-018DBC9ED904}.Debug|x86.ActiveCfg = Debug|Win32
		{6E15EB65-8784-4087-89C8-018DBC9ED904}.Debug|x86.Build.0 = Debug|Win32
		{6E15EB65-8784-4087-89C8-018DBC9ED904}.Release|x64.ActiveCfg = Release|x64
		{6E15EB65-8784-4087-89C8-018DBC9ED904}.Release|x64.Build.0 = Release|x64
		{6E15EB65-8784-4087-89C8-018DBC9ED904}.Release|x86.ActiveCfg = Release|Win32
		{6E15EB65-8784-4087-89C8-018DBC9ED904}.Release|x86.Build.0 = Release|Win32
		{1E8D0AD0-17C7-4F65-A462-4EB6F441EAC2}.Debug|x64.ActiveCfg = Debug|x64
		{1E8D0AD0-17C7-4F65-A462-4EB6F441EAC2}.Debug|x64.Build.0 = Debug|x64
		{1E8D0AD0-17C7-4F65-A462-4EB6F441EAC2}.Debug|x86.ActiveCfg = Debug|Win32
		{1E8D0AD0-17C7-4F65-A462-4EB6F441EAC2}.Debug|x86.Build.0 = Debug|Win32
		{1E8D0AD0-17C7-4F65-A462-4EB6F441EAC2}.Release|x64.ActiveCfg = Release|x64
		{1E8D0AD0-17C7-4F65-A462-4EB6F441EAC2}.Release|x64.Build.0 = Release|x64
		{1E8D0AD0-17C7-4F65-A462-4EB6F441EAC2}.Release|x86.ActiveCfg = Release|Win32
		{1E8D0AD0-17C7-4F65-A462-4EB6F441EAC2}.Release|x86.Build.0 = Release|Win32
		{A1802D71-892A-4B5C-A4EA-2148DF18C649}.Debug|x64.ActiveCfg = Debug|x64
		{A1802D71-892A-4B5C-A4EA-2148DF18C649}.Debug|x64.Build.0 = Debug|x64
		{A1802D71-892A-4B5C-A4EA-2148DF18C649}.Debug|x86.ActiveCfg = Debug|Win32
		{A1802D71-892A-4B5C-A4EA-2148DF18C649}.Debug|x86.Build.0 = Debug|Win32
		{A1802D71-892A-4B5C-A4EA-2148DF18C649}.Release|x64.ActiveCfg = Release|x64
		{A1802D71-892A-4B5C-A4EA-2148DF18C649}.Release|x64.Build.0 = Release|x64
		{A1802D71-892A-4B5C-A4EA-2148DF18C649}.Release|x86.ActiveCfg = Release|Win32
		{A1802D71-892A-4B5C-A4EA-2148DF18C649}.Release|x86.Build.0 = Release|Win32
		{8904079F-5237-4451-8C24-EB436BAADB7A}.Debug|x64.ActiveCfg = Debug|x64
		{8904079F-5237-4451-8C24-EB436BAADB7A}.Debug|x64.Build.0 = Debug|x64
		{8904079F-5237-4451-8C24-EB436BAADB7A}.Debug|x86.ActiveCfg = Debug|Win32
		{8904079F-5237-4451-8C24-EB436BAADB7A}.Debug|x86.Build.0 = Debug|Win32
		{8904079F-5237-4451-8C24-EB436BAADB7A}.Release|x64.ActiveCfg = Release|x64
		{8904079F-5237-4451-8C24-EB436BAADB7A}.Release|x64.Build.0 = Release|x64
		{8904079F-5237-4451-8C24-EB436BAADB7A}.Release|x86.ActiveCfg = Release|Win32
		{8904079F-5237-4451-8C24-EB436BAADB7A}.Release|x86.Build.0 = Release|Win32
		{99482B16-4143-4F57-BC35-40469DA0638E}.Debug|x64.ActiveCfg = Debug|x64
		{99482B16-4143-4F57-BC35-40469DA0638E}.Debug|x64.Build.0 = Debug|x64
		{99482B16-4143-4F57-BC35-40469DA0638E}.Debug|x86.ActiveCfg = Debug|Win32
		{99482B16-4143-4F57-BC35-40469DA0638E}.Debug|x86.Build.0 = Debug|Win32
		{99482B16-4143-4F57-BC35-40469DA0638E}.Release|x64.ActiveCfg = Release|x64
		{99482B16-4143-4F57-BC35-40469DA0638E}.Release|x64.Build.0 = Release|x64
		{99482B16-4143-4F57-BC35-40469DA0638E}.Release|x86.ActiveCfg = Release|Win32
		{99482B16-4143-4F57-BC35-40469DA0638E}.Release|x86.Build.0 = Release|Win32
		{F31C2CDB-95C0-40D5-9B8E-ECF6BF5B2D9C}.Debug|x64.ActiveCfg = Debug|x64
		{F31C2CDB-95C0-40D5-9B8E-ECF6BF5B2D9C}.Debug|x64.Build.0 = Debug|x64
		{F31C2CDB-95C0-40D5-9B8E-ECF6BF5B2D9C}.Debug|x86.ActiveCfg = Debug|Win32
		{F31C2CDB-95C0-40D5-9B8E-ECF6BF5B2D9C}.Debug|x86.Build.0 = Debug|Win32
		{F31C2CDB-95C0-40D5-9B8E-ECF6BF5B2D9C}.Release|x64.ActiveCfg = Release|x64
		{F31C2CDB-95C0-40D5-9B8E-ECF6BF5B2D9C}.Release|x64.Build.0 = Release|x64
		{F31C2CDB-95C0-40D5-9B8E-ECF6BF5B2D9C}.Release|x86.ActiveCfg = Release|Win32
		{F31C2CDB-95C0-40D5-9B8E-ECF6BF5B2D9C}.Release|x86.Build.0 = Release|Win32
		{5D5B5E28-61B6-4571-8FE8-388A65F6A92B}.Debug|x64.ActiveCfg = Debug|x64
		{5D5B5E28-61B6-4571-8FE8-388A65F6A92B}.Debug|x64.Build.0 = Debug|x64
		{5D5B5E28-61B6-4571-8FE8-388A65F6A92B}.Debug|x86.ActiveCfg = Debug|Win32
		{5D5B5E28-61B6-4571-8FE8-388A65F6A92B}.Debug|x86.Build.0 = Debug|Win32
		{5D5B5E28-61B6-4571-8FE8-388A65F6A92B}.Release|x64.ActiveCfg = Release|x64
		{5D5B5E28-61B6-4571-8FE8-388A65F6A92B}.Release|x64.Build.0 = Release|x64
		{5D5B5E28-61B6-4571-8FE8-388A65F6A92B}.Release|x86.ActiveCfg = Release|Win32
		{5D5B5E28-61B6-4571-8FE8-388A65F6A92B}.Release|x86.Build.0 = Release|Win32
		{E6149BFA-3C4A-4A45-B525-C8CB0224E510}.Debug|x64.ActiveCfg = Debug|x64
		{E6149BFA-3C4A-4A45-B525-C8CB0224E510}.Debug|x64.Build.0 = Debug|x64
		{E6149BFA-3C4A-4A45-B525-C8CB0224E510}.Debug|x86.ActiveCfg = Debug|Win32
		{E6149BFA-3C4A-4A45-B525-C8CB0224E510}.Debug|x86.Build.0 = Debug|Win32
		{E6149BFA-3C4A-4A45-B525-C8CB0224E510}.Release|x64.ActiveCfg = Release|x64
		{E6149BFA-3C4A-4A45-B525-C8CB0224E510}.Release|x64.Build.0 = Release|x64
		{E6149BFA-3C4A-4A45-B525-C8CB0224E510}.Release|x86.ActiveCfg = Release|Win32
		{E6149BFA-3C4A-4A45-B525-C8CB0224E510}.Release|x86.Build.0 = Release|Win32
		{D7486F5C-1C22-4955-B1CB-934624CF996A}.Debug|x64.ActiveCfg = Debug|x64
		{D7486F5C-1C22-4955-B1CB-934624CF996A}.Debug|x64.Build.0 = Debug|x64
		{D7486F5C-1C22-4955-B1CB-934624CF996A}.Debug|x86.ActiveCfg = Debug|Win32
		{D7486F5C-1C22-4955-B1CB-934624CF996A}.Debug|x86.Build.0 = Debug|Win32
		{D7486F5C-1C22-4955-B1CB-934624CF996A}.Release|x64.ActiveCfg = Release|x64
		{D7486F5C-1C22-4955-B1CB-934624CF996A}.Release|x64.Build.0 = Release|x64
		{D7486F5C-1C22-4955-B1CB-934624CF996A}.Release|x86.ActiveCfg = Release|Win32
		{D7486F5C-1C22-4955-B1CB-934624CF996A}.Release|x86.Build.0 = Release|Win32
		{78371484-EC94-4ADA-B077-1E79BAC9AD15}.Debug|x64.ActiveCfg = Debug|x64
		{78371484-EC94-4ADA-B077-1E79BAC9AD15}.Debug|x64.Build.0 = Debug|x64
		{78371484-EC94-4ADA-B077-1E79BAC9AD15}.Debug|x86.ActiveCfg = Debug|Win32
		{78371484-EC94-4ADA-B077-1E79BAC9AD15}.Debug|x86.Build.0 = Debug|Win32
		{78371484-EC94-4ADA-B077-1E79BAC9AD15}.Release|x64.ActiveCfg = Release|x64
		{78371484-EC94-4ADA-B077-1E79BAC9AD15}.Release|x64.Build.0 = Release|x64
		{78371484-EC94-4ADA-B077-1E79BAC9AD15}.Release|x86.ActiveCfg = Release|Win32
		{78371484-EC94-4ADA-B077-1E79BAC9AD15}.Release|x86.Build.0 = Release|Win32
		{2C2E5A8D-5B3E-4419-AE82-AF3B5DB2F178}.Debug|x64.ActiveCfg = Debug|x64
		{2C2E5A8D-5B3E-4419-AE82-AF3B5DB2F178}.Debug|x64.Build.0 = Debug|x64
		{2C2E5A8D-5B3E-4419-AE82-AF3B5DB2F178}.Debug|x86.ActiveCfg = Debug|Win32
		{2C2E5A8D-5B3E-4419-AE82-AF3B5DB2F178}.Debug|x86.Build.0 = Debug|Win32
		{2C2E5A8D-5B3E-4419-AE82-AF3B5DB2F178}.Release|x64.ActiveCfg = Release|x64
		{2C2E5A8D-5B3E-4419-AE82-AF3B5DB2F178}.Release|x64.Build.0 = Release|x64
		{2C2E5A8D-5B3E-4419-AE82-AF3B5DB2F178}.Release|x86.ActiveCfg = Release|Win32
		{2C2E5A8D-5B3E-4419-AE82-AF3B5DB2F178}.Release|x86.Build.0 = Release|Win32
		{0A37DEE6-F1AC-4BAC-9A4A-5D2CEF490DC2}.Debug|x64.ActiveCfg = Debug|x64
		{0A37DEE6-F1AC-4BAC-9A4A-5D2CEF490DC2}.Debug|x64.Build.0 = Debug|x64
		{0A37DEE6-F1AC-4BAC-9A4A-5D2CEF490DC2}.Debug|x86.ActiveCfg = Debug|Win32
		{0A37DEE6-F1AC-4BAC-9A4A-5D2CEF490DC2}.Debug|x86.Build.0 = Debug|Win32
		{0A37DEE6-F1AC-4BAC-9A4A-5D2CEF490DC2}.Release|x64.ActiveCfg = Release|x64
		{0A37DEE6-F1AC-4BAC-9A4A-5D2CEF490DC2}.Release|x64.Build.0 = Release|x64
		{0A37DEE6-F1AC-4BAC-9A4A-5D2CEF490DC2}.Release|x86.ActiveCfg = Release|Win32
		{0A37DEE6-F1AC-4BAC-9A4A-5D2CEF490DC2}.Release|x86.Build.0 = Release|Win32
		{F1BD092F-0C3C-4C8C-9AED-177E5172D062}.Debug|x64.ActiveCfg = Debug|x64
		{F1BD092F-0C3C-4C8C-9AED-177E5172D062}.Debug|x64.Build.0 = Debug|x64
		{F1BD092F-0C3C-4C8C-9AED-177E5172D062}.Debug|x86.ActiveCfg = Debug|Win32
		{F1BD092F-0C3C-4C8C-9AED-177E5172D062}.Debug|x86.Build.0 = Debug|Win32
		{F1BD092F-0C3C-4C8C-9AED-177E5172D062}.Release|x64.ActiveCfg = Release|x64
		{F1BD092F-0C3C-4C8C-9AED-177E5172D062}.Release|x64.Build.0 = Release|x64
		{F1BD092F-0C3C-4C8C-9AED-177E5172D062}.Release|x86.ActiveCfg = Release|Win32
		{F1BD092F-0C3C-4C8C-9AED-177E5172D062}.Release|x86.Build.0 = Release|Win32
		{D24AF166-4F47-4231-8231-7ADB197D6279}.Debug|x64.ActiveCfg = Debug|x64
		{D24AF166-4F47-4231-8231-7ADB197D6279}.Debug|x64.Build.0 = Debug|x64
		{D24AF166-4F47-4231-8231-7ADB197D6279}.Debug|x86.ActiveCfg = Debug|Win32
		{D24AF166-4F47-4231-8231-7ADB197D6279}.Debug|x86.Build.0 = Debug|Win32
		{D24AF166-4F47-4231-8231-7ADB197D6279}.Release|x64.ActiveCfg = Release|x64
		{D24AF166-4F47-4231-8231-7ADB197D6279}.Release|x64.Build.0 = Release|x64
		{D24AF166-4F47-4231-8231-7ADB197D6279}.Release|x86.ActiveCfg = Release|Win32
		{D24AF166-4F47-4231-8231-7ADB197D6279}.Release|x86.Build.0 = Release|Win32
		{ABF17AE1-2E4A-4AD0-B976-D4C058A52DFA}.Debug|x64.ActiveCfg = Debug|x64
		{ABF17AE1-2E4A-4AD0-B976-D4C058A52DFA}.Debug|x64.Build.0 = Debug|x64
		{ABF17AE1-2E4A-4AD0-B976-D4C058A52DFA}.Debug|x86.ActiveCfg = Debug|Win32
		{ABF17AE1-2E4A-4AD0-B976-D4C058A52DFA}.Debug|x86.Build.0 = Debug|Win32
		{ABF17AE1-2E4A-4AD0-B976-D4C058A52DFA}.Release|x64.ActiveCfg = Release|x64
		{ABF17AE1-2E4A-4AD0-B976-D4C058A52DFA}.Release|x64.Build.0 = Release|x64
		{ABF17AE1-2E4A-4AD0-B976-D4C058A52DFA}.Release|x86.ActiveCfg = Release|Win32
		{ABF17AE1-2E4A-4AD0-B976-D4C058A52DFA}.Release|x86.Build.0 = Release|Win32
		{254A42B8-AEC6-421D-944E-35FA73B3FED3}.Debug|x64.ActiveCfg = Debug|x64
		{254A42B8-AEC6-421D-944E-35FA73B3FED3}.Debug|x64.Build.0 = Debug|x64
		{254A42B8-AEC6-421D-944E-35FA73B3FED3}.Debug|x86.ActiveCfg = Debug|Win32
		{254A42B8-AEC6-421D-944E-35FA73B3FED3}.Debug|x86.Build.0 = Debug|Win32
		{254A42B8-AEC6-421D-944E-35FA73B3FED3}.Release|x64.ActiveCfg = Release|x64
		{254A42B8-AEC6-421D-944E-35FA73B3FED3}.Release|x64.Build.0 = Release|x64
		{254A42B8-AEC6-421D-944E-35FA73B3FED3}.Release|x86.ActiveCfg = Release|Win32
		{254A42B8-AEC6-421D-944E-35FA73B3FED3}.Release|x86.Build.0 = Release|Win32
		{5118A399-8CD7-4CDC-B8AC-4D9538707AD5}.Debug|x64.ActiveCfg = Debug|x64
		{5118A399-8CD7-4CDC-B8AC-4D9538707AD5}.Debug|x64.Build.0 = Debug|x64
		{5118A399-8CD7-4CDC-B8AC-4D9538707AD5}.Debug|x86.ActiveCfg = Debug|Win32
		{5118A399-8CD7-4CDC-B8AC-4D9538707AD5}.Debug|x86.Build.0 = Debug|Win32
		{5118A399-8CD7-4CDC-B8AC-4D9538707AD5}.Release|x64.ActiveCfg = Release|x64
		{5118A399-8CD7-4CDC-B8AC-4D9538707AD5}.Release|x64.Build.0 = Release|x64
		{5118A399-8CD7-4CDC-B8AC-4D9538707AD5}.Release|x86.ActiveCfg = Release|Win32
		{5118A399-8CD7-4CDC-B8AC-4D9538707AD5}.Release|x86.Build.0 = Release|Win32
		{CA489531-95E0-48FE-BF4A-8B45DED2E68E}.Debug|x64.ActiveCfg = Debug|x64
		{CA489531-95E0-48FE-BF4A-8B45DED2E68E}.Debug|x64.Build.0 = Debug|x64
		{CA489531-95E0-48FE-BF4A-8B45DED2E68E}.Debug|x86.ActiveCfg = Debug|Win32
		{CA489531-95E0-48FE-BF4A-8B45DED2E68E}.Debug|x86.Build.0 = Debug|Win32
		{CA489531-95E0-48FE-BF4A-8B45DED2E68E}.Release|x64.ActiveCfg = Release|x64
		{CA489531-95E0-48FE-BF4A-8B45DED2E68E}.Release|x64.Build.0 = Release|x64
		{CA489531-95E0-48FE-BF4A-8B45DED2E68E}.Release|x86.ActiveCfg = Release|Win32
		{CA489531-95E0-48FE-BF4A-8B45DED2E68E}.Release|x86.Build.0 = Release|Win32
		{64F5FBC1-1AD6-4361-8EDB-C27767D229A1}.Debug|x64.ActiveCfg = Debug|x64
		{64F5FBC1-1AD6-4361-8EDB-C27767D229A1}.Debug|x64.Build.0 = Debug|x64
		{64F5FBC1-1AD6-4361-8EDB-C27767D229A1}.Debug|x86.ActiveCfg = Debug|Win32
		{64F5FBC1-1AD6-4361-8EDB-C27767D229A1}.Debug|x86.Build.0 = Debug|Win32
		{64F5FBC1-1AD6-4361-8EDB-C27767D229A1}.Release|x64.ActiveCfg = Release|x64
		{64F5FBC1-1AD6-4361-8EDB-C27767D229A1}.Release|x64.Build.0 = Release|x64
		{64F5FBC1-1AD6-4361-8EDB-C27767D229A1}.Release|x86.ActiveCfg = Release|Win32
		{64F5FBC1-1AD6-4361-8EDB-C27767D229A1}.Release|x86.Build.0 = Release|Win32
		{51A9A399-27C2-4515-BF27-4B83CA9E4156}.Debug|x64.ActiveCfg = Debug|x64
		{51A9A399-27C2-4515-BF27-4B83CA9E4156}.Debug|x64.Build.0 = Debug|x64
		{51A9A399-27C2-4515-BF27-4B83CA9E4156}.Debug|x86.ActiveCfg = Debug|Win32
		{51A9A399-27C2-4515-BF27-4B83CA9E4156}.Debug|x86.Build.0 = Debug|Win32
		{51A9A399-27C2-4515-BF27-4B83CA9E4156}.Release|x64.ActiveCfg = Release|x64
		{51A9A399-27C2-4515-BF27-4B83CA9E4156}.Release|x64.Build.0 = Release|x64
		{51A9A399-27C2-4515-BF27-4B83CA9E4156}.Release|x86.ActiveCfg = Release|Win32
		{51A9A399-27C2-4515-BF27-4B83CA9E4156}.Release|x86.Build.0 = Release|Win32
		{3E168A38-A015-4383-9304-F0F4A6385035}.Debug|x64.ActiveCfg = Debug|x64
		{3E168A38-A015-4383-9304-F0F4A6385035}.Debug|x64.Build.0 = Debug|x64
		{3E168A38-A015-4383-9304-F0F4A6385035}.Debug|x86.ActiveCfg = Debug|Win32
		{3E168A38-A015-4383-9304-F0F4A6385035}.Debug|x86.Build.0 = Debug|Win32
		{3E168A38-A015-4383-9304-F0F4A6385035}.Release|x64.ActiveCfg = Release|x64
		{3E168A38-A015-4383-9304-F0F4A6385035}.Release|x64.Build.0 = Release|x64
		{3E168A38-A015-4383-9304-F0F4A6385035}.Release|x86.ActiveCfg = Release|Win32
		{3E168A38-A015-4383-9304-F0F4A6385035}.Release|x86.Build.0 = Release|Win32
		{B904917B-861D-4DF6-9563-60AE12580A09}.Debug|x64.ActiveCfg = Debug|x64
		{B904917B-861D-4DF6-9563-60AE12580A09}.Debug|x64.Build.0 = Debug|x64
		{B904917B-861D-4DF6-9563-60AE12580A09}.Debug|x86.ActiveCfg = Debug|Win32
		{B904917B-861D-4DF6-9563-60AE12580A09}.Debug|x86.Build.0 = Debug|Win32
		{B904917B-861D-4DF6-9563-60AE12580A09}.Release|x64.ActiveCfg = Release|x64
		{B904917B-861D-4DF6-9563-60AE12580A09}.Release|x64.Build.0 = Release|x64
		{B904917B-861D-4DF6-9563-60AE12580A09}.Release|x86.ActiveCfg = Release|Win32
		{B904917B-861D-4DF6-9563-60AE12580A09}.Release|x86.Build.0 = Release|Win32
		{04A715AC-04D4-4875-BC9C-A0609BA2C40F}.Debug|x64.ActiveCfg = Debug|x64
		{04A715AC-04D4-4875-BC9C-A0609BA2C40F}.Debug|x64.Build.0 = Debug|x64
		{04A715AC-04D4-4875-BC9C-A0609BA2C40F}.Debug|x86.ActiveCfg = Debug|Win32
		{04A715AC-04D4-4875-BC9C-A0609BA2C40F}.Debug|x86.Build.0 = Debug|Win32
		{04A715AC-04D4-4875-BC9C-A0609BA2C40F}.Release|x64.ActiveCfg = Release|x64
		{04A715AC-04D4-4875-BC9C-A0609BA2C40F}.Release|x64.Build.0 = Release|x64
		{04A715AC-04D4-4875-BC9C-A0609BA2C40F}.Release|x86.ActiveCfg = Release|Win32
		{04A715AC-04D4-4875-BC9C-A0609BA2C40F}.Release|x86.Build.0 = Release|Win32
		{60375526-9B75-4D2F-BBB5-05BAB0FB82DB}.Debug|x64.ActiveCfg = Debug|x64
		{60375526-9B75-4D2F-BBB5-05BAB0FB82DB}.Debug|x64.Build.0 = Debug|x64
		{60375526-9B75-4D2F-BBB5-05BAB0FB82DB}.Debug|x86.ActiveCfg = Debug|Win32
		{60375526-9B75-4D2F-BBB5-05BAB0FB82DB}.Debug|x86.Build.0 = Debug|Win32
		{60375526-9B75-4D2F-BBB5-05BAB0FB82DB}.Release|x64.ActiveCfg = Release|x64
		{60375526-9B75-4D2F-BBB5-05BAB0FB82DB}.Release|x64.Build.0 = Release|x64
		{60375526-9B75-4D2F-BBB5-05BAB0FB82DB}.Release|x86.ActiveCfg = Release|Win32
		{60375526-9B75-4D2F-BBB5-05BAB0FB82DB}.Release|x86.Build.0 = Release|Win32
		{B9F9906E-4575-4653-AB72-25E747D93AAC}.Debug|x64.ActiveCfg = Debug|x64
		{B9F9906E-4575-4653-AB72-25E747D93AAC}.Debug|x64.Build.0 = Debug|x64
		{B9F9906E-4575-4653-AB72-25E747D93AAC}.Debug|x86.ActiveCfg = Debug|Win32
		{B9F9906E-4575-4653-AB72-25E747D93AAC}.Debug|x86.Build.0 = Debug|Win32
		{B9F9906E-4575-4653-AB72-25E747D93AAC}.Release|x64.ActiveCfg = Release|x64
		{B9F9906E-4575-4653-AB72-25E747D93AAC}.Release|x64.Build.0 = Release|x64
		{B9F9906E-4575-4653-AB72-25E747D93AAC}.Release|x86.ActiveCfg = Release|Win32
		{B9F9906E-4575-4653-AB72-25E747D93AAC}.Release|x86.Build.0 = Release|Win32
	EndGlobalSection
	GlobalSection(SolutionProperties) = preSolution
		HideSolutionNode = FALSE
	EndGlobalSection
EndGlobal
